
Microsoft Visual Studio Solution File, Format Version 12.00
# Visual Studio 2013
VisualStudioVersion = 12.0.40629.0
MinimumVisualStudioVersion = 10.0.40219.1
Project("{2150E333-8FDC-42A3-9474-1A3956D46DE8}") = "UI", "UI", "{262B7A07-B341-4F71-936B-EB0029B08C4D}"
EndProject
Project("{FAE04EC0-301F-11D3-BF4B-00C04F79EFBC}") = "GPMS.Web", "GPMS\UI\GPMS.Web\GPMS.Web.csproj", "{2A83E3D2-D1D7-460C-A3E9-75CAA5BE5D23}"
EndProject
Project("{FAE04EC0-301F-11D3-BF4B-00C04F79EFBC}") = "GPMS.Web.Tests", "GPMS\UI\GPMS.Web.Tests\GPMS.Web.Tests.csproj", "{B7B5CB01-D3FB-4ACC-9623-EE34D679120F}"
EndProject
Global
	GlobalSection(SolutionConfigurationPlatforms) = preSolution
		Debug|Any CPU = Debug|Any CPU
		Release|Any CPU = Release|Any CPU
	EndGlobalSection
	GlobalSection(ProjectConfigurationPlatforms) = postSolution
		{2A83E3D2-D1D7-460C-A3E9-75CAA5BE5D23}.Debug|Any CPU.ActiveCfg = Debug|Any CPU
		{2A83E3D2-D1D7-460C-A3E9-75CAA5BE5D23}.Debug|Any CPU.Build.0 = Debug|Any CPU
		{2A83E3D2-D1D7-460C-A3E9-75CAA5BE5D23}.Release|Any CPU.ActiveCfg = Release|Any CPU
		{2A83E3D2-D1D7-460C-A3E9-75CAA5BE5D23}.Release|Any CPU.Build.0 = Release|Any CPU
		{B7B5CB01-D3FB-4ACC-9623-EE34D679120F}.Debug|Any CPU.ActiveCfg = Debug|Any CPU
		{B7B5CB01-D3FB-4ACC-9623-EE34D679120F}.Debug|Any CPU.Build.0 = Debug|Any CPU
		{B7B5CB01-D3FB-4ACC-9623-EE34D679120F}.Release|Any CPU.ActiveCfg = Release|Any CPU
		{B7B5CB01-D3FB-4ACC-9623-EE34D679120F}.Release|Any CPU.Build.0 = Release|Any CPU
	EndGlobalSection
	GlobalSection(SolutionProperties) = preSolution
		HideSolutionNode = FALSE
	EndGlobalSection
	GlobalSection(NestedProjects) = preSolution
		{2A83E3D2-D1D7-460C-A3E9-75CAA5BE5D23} = {262B7A07-B341-4F71-936B-EB0029B08C4D}
		{B7B5CB01-D3FB-4ACC-9623-EE34D679120F} = {262B7A07-B341-4F71-936B-EB0029B08C4D}
	EndGlobalSection
EndGlobal
